
Microsoft Visual Studio Solution File, Format Version 12.00
# Visual Studio Version 17
VisualStudioVersion = 17.0.31903.59
MinimumVisualStudioVersion = 10.0.40219.1
Project("{FAE04EC0-301F-11D3-BF4B-00C04F79EFBC}") = "8_Tails_solver", "8_Tails_solver\8_Tails_solver.csproj", "{0DA56DB4-0AFE-42E8-BBAE-7BBDF1F19214}"
EndProject
Global
	GlobalSection(SolutionConfigurationPlatforms) = preSolution
		Debug|Any CPU = Debug|Any CPU
		Release|Any CPU = Release|Any CPU
	EndGlobalSection
	GlobalSection(ProjectConfigurationPlatforms) = postSolution
		{0DA56DB4-0AFE-42E8-BBAE-7BBDF1F19214}.Debug|Any CPU.ActiveCfg = Debug|Any CPU
		{0DA56DB4-0AFE-42E8-BBAE-7BBDF1F19214}.Debug|Any CPU.Build.0 = Debug|Any CPU
		{0DA56DB4-0AFE-42E8-BBAE-7BBDF1F19214}.Release|Any CPU.ActiveCfg = Release|Any CPU
		{0DA56DB4-0AFE-42E8-BBAE-7BBDF1F19214}.Release|Any CPU.Build.0 = Release|Any CPU
	EndGlobalSection
	GlobalSection(SolutionProperties) = preSolution
		HideSolutionNode = FALSE
	EndGlobalSection
	GlobalSection(ExtensibilityGlobals) = postSolution
		SolutionGuid = {8D08B4D2-B4C4-4D71-B064-7B4A63348410}
	EndGlobalSection
EndGlobal
